
Microsoft Visual Studio Solution File, Format Version 12.00
# Visual Studio Version 16
VisualStudioVersion = 16.0.32228.343
MinimumVisualStudioVersion = 10.0.40219.1
Project("{2150E333-8FDC-42A3-9474-1A3956D46DE8}") = "Chapter02", "Chapter02", "{A5552592-DCBE-4E02-84BB-964337C46E8E}"
EndProject
Project("{FAE04EC0-301F-11D3-BF4B-00C04F79EFBC}") = "DistanceConverter", "Chapter02\DistanceConverter\DistanceConverter.csproj", "{57555BA1-3C99-4572-80D2-BB5AA681ACF0}"
EndProject
Project("{FAE04EC0-301F-11D3-BF4B-00C04F79EFBC}") = "SalesCalculator", "Chapter02\SalesCalculator\SalesCalculator.csproj", "{0CC4A04E-56B5-4FD9-B7DD-2CF083F241AF}"
EndProject
Project("{FAE04EC0-301F-11D3-BF4B-00C04F79EFBC}") = "Exercise", "Chapter02\Exercise\Exercise.csproj", "{79BE3448-37D0-4F10-B920-6681271D32DA}"
EndProject
Project("{FAE04EC0-301F-11D3-BF4B-00C04F79EFBC}") = "Exercise02", "Chapter02\Exercise02\Exercise02.csproj", "{9D56B917-FCB0-4F54-B969-6B69FF622086}"
EndProject
Project("{FAE04EC0-301F-11D3-BF4B-00C04F79EFBC}") = "Exercise03", "Chapter02\Exercise03\Exercise03.csproj", "{2001C6AD-F07B-4343-9E97-8057F84119FD}"
EndProject
Project("{2150E333-8FDC-42A3-9474-1A3956D46DE8}") = "Chapter03", "Chapter03", "{CEC1A536-1275-4250-B96E-B5C127949263}"
EndProject
Project("{FAE04EC0-301F-11D3-BF4B-00C04F79EFBC}") = "Section01", "Chapter03\Section01\Section01.csproj", "{8E3BAD3A-725E-4E7F-ABCE-42A1863B66B9}"
EndProject
Project("{FAE04EC0-301F-11D3-BF4B-00C04F79EFBC}") = "Exercise01", "Chapter03\Exercise01\Exercise01.csproj", "{CFB9A77B-74F9-4653-986F-F4AF1ABC5B0A}"
EndProject
Project("{FAE04EC0-301F-11D3-BF4B-00C04F79EFBC}") = "Section04", "Chapter03\Section04\Section04.csproj", "{2528A93F-4E66-44B8-94E8-2EF239EC0234}"
EndProject
Project("{FAE04EC0-301F-11D3-BF4B-00C04F79EFBC}") = "Exercise02", "Chapter03\Exercise02\Exercise02.csproj", "{86EC8783-5846-43EA-ABAF-014D7C7A9496}"
EndProject
Project("{2150E333-8FDC-42A3-9474-1A3956D46DE8}") = "Chapter04", "Chapter04", "{D856255D-C491-40E9-A3E1-F68ACE4CF256}"
EndProject
Project("{FAE04EC0-301F-11D3-BF4B-00C04F79EFBC}") = "Exercise01", "Chapter04\Exercise01\Exercise01.csproj", "{2EA192A6-848D-48F2-9E30-620B5BB33D3E}"
EndProject
Project("{FAE04EC0-301F-11D3-BF4B-00C04F79EFBC}") = "Exercise02", "Chapter04\Exercise02\Exercise02.csproj", "{D268D1B7-5B9F-4ADC-8316-B7FD48CE20DD}"
EndProject
Project("{2150E333-8FDC-42A3-9474-1A3956D46DE8}") = "Chapter05", "Chapter05", "{B1E3B862-CD08-4F4B-A8F5-8D143AD65C5A}"
EndProject
Project("{FAE04EC0-301F-11D3-BF4B-00C04F79EFBC}") = "Exercise01", "Chapter05\Exercise01\Exercise01.csproj", "{2E4E716C-3EEB-446F-8683-1EBD0B6E37C0}"
EndProject
Project("{FAE04EC0-301F-11D3-BF4B-00C04F79EFBC}") = "Exercise02", "Chapter05\Exercise02\Exercise02.csproj", "{48926C51-9154-49DC-9FA3-B7D204D7E1C6}"
EndProject
Project("{FAE04EC0-301F-11D3-BF4B-00C04F79EFBC}") = "Exercise03", "Chapter05\Exercise03\Exercise03.csproj", "{37FCE65F-296C-44CE-8253-6526492B87FB}"
EndProject
Project("{FAE04EC0-301F-11D3-BF4B-00C04F79EFBC}") = "Exercise04", "Chapter05\Exercise04\Exercise04.csproj", "{75D583A6-DE7E-42BA-A58B-CCA6D56E3BB3}"
EndProject
Project("{2150E333-8FDC-42A3-9474-1A3956D46DE8}") = "Chapter06", "Chapter06", "{DE3147F2-E11A-4C91-A3DD-386E2E9BAB8C}"
EndProject
Project("{FAE04EC0-301F-11D3-BF4B-00C04F79EFBC}") = "Exercise01", "Chapter06\Exercise01\Exercise01.csproj", "{5992AB06-0D62-4424-B890-6CBC3C84B9F4}"
EndProject
Project("{FAE04EC0-301F-11D3-BF4B-00C04F79EFBC}") = "Exercise02", "Chapter06\Exercise02\Exercise02.csproj", "{7930A61D-06CB-47EB-A941-EBDB1260DA12}"
EndProject
Project("{2150E333-8FDC-42A3-9474-1A3956D46DE8}") = "FormAppSample", "FormAppSample", "{8395C9E0-233A-411F-861C-F9A354487212}"
EndProject
Project("{FAE04EC0-301F-11D3-BF4B-00C04F79EFBC}") = "Sample0603", "FormAppSample\Sample0603\Sample0603.csproj", "{9775930E-808E-4491-8496-DD7329C02E66}"
EndProject
Project("{FAE04EC0-301F-11D3-BF4B-00C04F79EFBC}") = "Sample0607", "FormAppSample\Sample0607\Sample0607.csproj", "{6D0EF850-F2AF-4CC9-9185-9D41AB652473}"
EndProject
Project("{FAE04EC0-301F-11D3-BF4B-00C04F79EFBC}") = "NumberGame", "FormAppSample\NumberGame\NumberGame.csproj", "{F5EB9922-59C8-4125-AAF4-859EFA91EEE5}"
EndProject
Project("{FAE04EC0-301F-11D3-BF4B-00C04F79EFBC}") = "AddressBook", "FormAppSample\AddressBook\AddressBook.csproj", "{6A6401A4-9153-4F92-AC4D-176469AACCE0}"
EndProject
Project("{2150E333-8FDC-42A3-9474-1A3956D46DE8}") = "Test202206", "Test202206", "{63556EA7-29F5-4097-A6B8-87D4FC3C2F6C}"
EndProject
Project("{FAE04EC0-301F-11D3-BF4B-00C04F79EFBC}") = "Test01", "Test202206\TestProject\Test01\Test01.csproj", "{2BFACDC3-F44D-4199-8498-F5C3C4AC0335}"
EndProject
Project("{FAE04EC0-301F-11D3-BF4B-00C04F79EFBC}") = "Test02", "Test202206\TestProject\Test02\Test02.csproj", "{E461C0A8-8900-485C-B520-E929BA33F712}"
EndProject
Project("{2150E333-8FDC-42A3-9474-1A3956D46DE8}") = "Chapter11", "Chapter11", "{51C0046E-7A02-4AB7-8417-BE0D6353DCA5}"
EndProject
Project("{FAE04EC0-301F-11D3-BF4B-00C04F79EFBC}") = "XmlSample", "Chapter11\XmlSample\XmlSample.csproj", "{E8274F9E-4645-498C-80FE-5D6EBBA674AB}"
EndProject
Project("{FAE04EC0-301F-11D3-BF4B-00C04F79EFBC}") = "RssReader", "Chapter11\RssReader\RssReader.csproj", "{8A27E08C-4439-483A-B793-57C97DDBCBFC}"
EndProject
Project("{FAE04EC0-301F-11D3-BF4B-00C04F79EFBC}") = "Exercise1", "Chapter11\Exercise1\Exercise1.csproj", "{CEDDFABD-49F6-46DA-885E-41DF5C1E5BBB}"
EndProject
Project("{2150E333-8FDC-42A3-9474-1A3956D46DE8}") = "Chapter12", "Chapter12", "{3FE94703-5AC8-4B0F-983B-C0CF9898073A}"
EndProject
Project("{FAE04EC0-301F-11D3-BF4B-00C04F79EFBC}") = "Section01", "Chapter12\Section01\Section01.csproj", "{4A3F59B6-FE96-4FC7-9406-66DAF98BB6E7}"
EndProject
Project("{FAE04EC0-301F-11D3-BF4B-00C04F79EFBC}") = "Section02", "Chapter12\Section02\Section02.csproj", "{99152238-A768-4444-83DE-7294275CFADB}"
EndProject
Project("{FAE04EC0-301F-11D3-BF4B-00C04F79EFBC}") = "Exercise01", "Chapter12\Exercise01\Exercise01.csproj", "{A19DA3BF-D9DF-4B86-AD8A-91901C5DD5CC}"
EndProject
Project("{FAE04EC0-301F-11D3-BF4B-00C04F79EFBC}") = "Exercise02", "Chapter12\Exercise02\Exercise02.csproj", "{A0389EEE-2B09-411E-BD19-7531CF0C9EFC}"
EndProject
Project("{2150E333-8FDC-42A3-9474-1A3956D46DE8}") = "CarReportSystem", "CarReportSystem", "{84A0818A-F29C-4CB3-A2E6-A034C3052397}"
EndProject
Project("{FAE04EC0-301F-11D3-BF4B-00C04F79EFBC}") = "CarReportSystem", "CarReportSystem\CarReportSystem\CarReportSystem.csproj", "{FA805397-C911-477B-8FD9-5041EAABEDD0}"
EndProject
Project("{2150E333-8FDC-42A3-9474-1A3956D46DE8}") = "DesignPattern", "DesignPattern", "{F77FA9A3-9147-4F71-9457-CD29AE58817C}"
EndProject
Project("{FAE04EC0-301F-11D3-BF4B-00C04F79EFBC}") = "SingletonSample", "DesignPattern\SingletonSample\SingletonSample.csproj", "{889DB3BC-ECDE-4DBD-A615-D19684922B17}"
EndProject
Project("{2150E333-8FDC-42A3-9474-1A3956D46DE8}") = "Chapter17", "Chapter17", "{4FB55AA8-5CA1-4226-B835-312F1F86E151}"
EndProject
Project("{FAE04EC0-301F-11D3-BF4B-00C04F79EFBC}") = "Section01", "Chapter17\Section01\Section01.csproj", "{0CB6CA52-14AC-4A68-A526-7306A2335874}"
EndProject
Project("{2150E333-8FDC-42A3-9474-1A3956D46DE8}") = "TemplateMethod", "TemplateMethod", "{100EAD10-2B6D-4D6B-A510-29F499D5D7B1}"
EndProject
Project("{FAE04EC0-301F-11D3-BF4B-00C04F79EFBC}") = "TextFileProcessor", "Chapter17\TemplateMethod\TextFileProcessor\TextFileProcessor.csproj", "{4F1262DB-2D1B-4521-A98E-4C581F716BDA}"
EndProject
Project("{FAE04EC0-301F-11D3-BF4B-00C04F79EFBC}") = "LineCounter", "Chapter17\TemplateMethod\LineCounter\LineCounter.csproj", "{81BEC06D-7E6F-4A31-8008-B7D5ADD95562}"
EndProject
Project("{FAE04EC0-301F-11D3-BF4B-00C04F79EFBC}") = "Exercise1", "Chapter17\Exercise1\Exercise1.csproj", "{BEBADB9E-1B7A-4E34-99C6-C888DDF4FC35}"
EndProject
Project("{2150E333-8FDC-42A3-9474-1A3956D46DE8}") = "Strategy", "Strategy", "{09E804EC-013A-4541-B0E7-97E11EF074AD}"
EndProject
Project("{FAE04EC0-301F-11D3-BF4B-00C04F79EFBC}") = "DistanceConverter", "Chapter17\Strategy\DistanceConverter\DistanceConverter.csproj", "{1D6177E7-7700-4083-898B-AA5E11D086F7}"
EndProject
Project("{2150E333-8FDC-42A3-9474-1A3956D46DE8}") = "ADONET", "ADONET", "{F02C77DD-C50D-4402-B4B1-1DC41E553139}"
EndProject
Project("{FAE04EC0-301F-11D3-BF4B-00C04F79EFBC}") = "DataBaseSample", "ADONET\DataBaseSample\DataBaseSample.csproj", "{288DE251-4823-44BB-8615-63045E1442A4}"
EndProject
Project("{FAE04EC0-301F-11D3-BF4B-00C04F79EFBC}") = "AddressBook", "ADONET\AddressBook\AddressBook.csproj", "{B62F1FD7-9963-4D36-8286-1E1FC321CA6A}"
EndProject
Project("{2150E333-8FDC-42A3-9474-1A3956D46DE8}") = "Chapter13", "Chapter13", "{3C13294C-676D-4F80-A9A1-411714C89AB3}"
EndProject
Project("{FAE04EC0-301F-11D3-BF4B-00C04F79EFBC}") = "SampleEntityFramework", "Chapter13\SampleEntityFramework\SampleEntityFramework.csproj", "{6E06EA34-3414-44B8-BED3-E9C35F0DC177}"
EndProject
Project("{2150E333-8FDC-42A3-9474-1A3956D46DE8}") = "Chapter15", "Chapter15", "{167735D3-8FAC-4B44-BF03-59FA8B7E0C02}"
EndProject
Project("{FAE04EC0-301F-11D3-BF4B-00C04F79EFBC}") = "Chapter15", "Chapter15\Chapter15\Chapter15.csproj", "{61CBE25F-8884-4F71-A620-18C3EB13D3E4}"
EndProject
Project("{FAE04EC0-301F-11D3-BF4B-00C04F79EFBC}") = "Exercise1", "Chapter15\Exercise1\Exercise1.csproj", "{4F17468C-377F-4A54-96A6-83E2F9A3BCF4}"
EndProject
Project("{2150E333-8FDC-42A3-9474-1A3956D46DE8}") = "WPF", "WPF", "{B134CBA7-0CD5-458B-8D2B-9FC7306EB3C1}"
EndProject
Project("{FAE04EC0-301F-11D3-BF4B-00C04F79EFBC}") = "SampleApplication", "WPF\SampleApplication\SampleApplication.csproj", "{C8946005-0754-491F-9B03-0F65B2CBC951}"
EndProject
Project("{FAE04EC0-301F-11D3-BF4B-00C04F79EFBC}") = "NumberGame", "WPF\NumberGame\NumberGame.csproj", "{A3771E0B-F0A8-46B4-9100-45338A9EA58D}"
EndProject
Project("{FAE04EC0-301F-11D3-BF4B-00C04F79EFBC}") = "SampleSlider", "WPF\SampleSlider\SampleSlider.csproj", "{C1CFEC69-4907-4762-A3A8-D7092ABF7EFB}"
EndProject
Project("{FAE04EC0-301F-11D3-BF4B-00C04F79EFBC}") = "SampleUnitConverter", "WPF\SampleUnitConverter\SampleUnitConverter.csproj", "{E5B284D5-A985-407F-B30C-0D479A59766F}"
EndProject
Project("{FAE04EC0-301F-11D3-BF4B-00C04F79EFBC}") = "ColorChecker", "WPF\CollarChecker\ColorChecker.csproj", "{0A07928A-3629-4C6B-A509-37C709114F59}"
EndProject
Project("{2150E333-8FDC-42A3-9474-1A3956D46DE8}") = "Chapter14", "Chapter14", "{CEB71131-E0E2-4C74-8FA0-FA7B40854560}"
EndProject
Project("{FAE04EC0-301F-11D3-BF4B-00C04F79EFBC}") = "Section01", "Chapter14\Section01\Section01.csproj", "{D77C0396-66BF-45E0-AE2C-F9BE6CEBBD68}"
EndProject
Project("{FAE04EC0-301F-11D3-BF4B-00C04F79EFBC}") = "WeatherApp", "Chapter14\WeatherApp\WeatherApp.csproj", "{8F4527E7-43E9-4E6B-8ED3-A0EF8EBA7D22}"
EndProject
Project("{FAE04EC0-301F-11D3-BF4B-00C04F79EFBC}") = "WeatherApp_WPF", "Chapter14\WeatherApp_WPF\WeatherApp_WPF.csproj", "{943B76F7-2B49-47CB-911C-3BE0052768A3}"
EndProject
Global
	GlobalSection(SolutionConfigurationPlatforms) = preSolution
		Debug|Any CPU = Debug|Any CPU
		Release|Any CPU = Release|Any CPU
	EndGlobalSection
	GlobalSection(ProjectConfigurationPlatforms) = postSolution
		{57555BA1-3C99-4572-80D2-BB5AA681ACF0}.Debug|Any CPU.ActiveCfg = Debug|Any CPU
		{57555BA1-3C99-4572-80D2-BB5AA681ACF0}.Debug|Any CPU.Build.0 = Debug|Any CPU
		{57555BA1-3C99-4572-80D2-BB5AA681ACF0}.Release|Any CPU.ActiveCfg = Release|Any CPU
		{57555BA1-3C99-4572-80D2-BB5AA681ACF0}.Release|Any CPU.Build.0 = Release|Any CPU
		{0CC4A04E-56B5-4FD9-B7DD-2CF083F241AF}.Debug|Any CPU.ActiveCfg = Debug|Any CPU
		{0CC4A04E-56B5-4FD9-B7DD-2CF083F241AF}.Debug|Any CPU.Build.0 = Debug|Any CPU
		{0CC4A04E-56B5-4FD9-B7DD-2CF083F241AF}.Release|Any CPU.ActiveCfg = Release|Any CPU
		{0CC4A04E-56B5-4FD9-B7DD-2CF083F241AF}.Release|Any CPU.Build.0 = Release|Any CPU
		{79BE3448-37D0-4F10-B920-6681271D32DA}.Debug|Any CPU.ActiveCfg = Debug|Any CPU
		{79BE3448-37D0-4F10-B920-6681271D32DA}.Debug|Any CPU.Build.0 = Debug|Any CPU
		{79BE3448-37D0-4F10-B920-6681271D32DA}.Release|Any CPU.ActiveCfg = Release|Any CPU
		{79BE3448-37D0-4F10-B920-6681271D32DA}.Release|Any CPU.Build.0 = Release|Any CPU
		{9D56B917-FCB0-4F54-B969-6B69FF622086}.Debug|Any CPU.ActiveCfg = Debug|Any CPU
		{9D56B917-FCB0-4F54-B969-6B69FF622086}.Debug|Any CPU.Build.0 = Debug|Any CPU
		{9D56B917-FCB0-4F54-B969-6B69FF622086}.Release|Any CPU.ActiveCfg = Release|Any CPU
		{9D56B917-FCB0-4F54-B969-6B69FF622086}.Release|Any CPU.Build.0 = Release|Any CPU
		{2001C6AD-F07B-4343-9E97-8057F84119FD}.Debug|Any CPU.ActiveCfg = Debug|Any CPU
		{2001C6AD-F07B-4343-9E97-8057F84119FD}.Debug|Any CPU.Build.0 = Debug|Any CPU
		{2001C6AD-F07B-4343-9E97-8057F84119FD}.Release|Any CPU.ActiveCfg = Release|Any CPU
		{2001C6AD-F07B-4343-9E97-8057F84119FD}.Release|Any CPU.Build.0 = Release|Any CPU
		{8E3BAD3A-725E-4E7F-ABCE-42A1863B66B9}.Debug|Any CPU.ActiveCfg = Debug|Any CPU
		{8E3BAD3A-725E-4E7F-ABCE-42A1863B66B9}.Debug|Any CPU.Build.0 = Debug|Any CPU
		{8E3BAD3A-725E-4E7F-ABCE-42A1863B66B9}.Release|Any CPU.ActiveCfg = Release|Any CPU
		{8E3BAD3A-725E-4E7F-ABCE-42A1863B66B9}.Release|Any CPU.Build.0 = Release|Any CPU
		{CFB9A77B-74F9-4653-986F-F4AF1ABC5B0A}.Debug|Any CPU.ActiveCfg = Debug|Any CPU
		{CFB9A77B-74F9-4653-986F-F4AF1ABC5B0A}.Debug|Any CPU.Build.0 = Debug|Any CPU
		{CFB9A77B-74F9-4653-986F-F4AF1ABC5B0A}.Release|Any CPU.ActiveCfg = Release|Any CPU
		{CFB9A77B-74F9-4653-986F-F4AF1ABC5B0A}.Release|Any CPU.Build.0 = Release|Any CPU
		{2528A93F-4E66-44B8-94E8-2EF239EC0234}.Debug|Any CPU.ActiveCfg = Debug|Any CPU
		{2528A93F-4E66-44B8-94E8-2EF239EC0234}.Debug|Any CPU.Build.0 = Debug|Any CPU
		{2528A93F-4E66-44B8-94E8-2EF239EC0234}.Release|Any CPU.ActiveCfg = Release|Any CPU
		{2528A93F-4E66-44B8-94E8-2EF239EC0234}.Release|Any CPU.Build.0 = Release|Any CPU
		{86EC8783-5846-43EA-ABAF-014D7C7A9496}.Debug|Any CPU.ActiveCfg = Debug|Any CPU
		{86EC8783-5846-43EA-ABAF-014D7C7A9496}.Debug|Any CPU.Build.0 = Debug|Any CPU
		{86EC8783-5846-43EA-ABAF-014D7C7A9496}.Release|Any CPU.ActiveCfg = Release|Any CPU
		{86EC8783-5846-43EA-ABAF-014D7C7A9496}.Release|Any CPU.Build.0 = Release|Any CPU
		{2EA192A6-848D-48F2-9E30-620B5BB33D3E}.Debug|Any CPU.ActiveCfg = Debug|Any CPU
		{2EA192A6-848D-48F2-9E30-620B5BB33D3E}.Debug|Any CPU.Build.0 = Debug|Any CPU
		{2EA192A6-848D-48F2-9E30-620B5BB33D3E}.Release|Any CPU.ActiveCfg = Release|Any CPU
		{2EA192A6-848D-48F2-9E30-620B5BB33D3E}.Release|Any CPU.Build.0 = Release|Any CPU
		{D268D1B7-5B9F-4ADC-8316-B7FD48CE20DD}.Debug|Any CPU.ActiveCfg = Debug|Any CPU
		{D268D1B7-5B9F-4ADC-8316-B7FD48CE20DD}.Debug|Any CPU.Build.0 = Debug|Any CPU
		{D268D1B7-5B9F-4ADC-8316-B7FD48CE20DD}.Release|Any CPU.ActiveCfg = Release|Any CPU
		{D268D1B7-5B9F-4ADC-8316-B7FD48CE20DD}.Release|Any CPU.Build.0 = Release|Any CPU
		{2E4E716C-3EEB-446F-8683-1EBD0B6E37C0}.Debug|Any CPU.ActiveCfg = Debug|Any CPU
		{2E4E716C-3EEB-446F-8683-1EBD0B6E37C0}.Debug|Any CPU.Build.0 = Debug|Any CPU
		{2E4E716C-3EEB-446F-8683-1EBD0B6E37C0}.Release|Any CPU.ActiveCfg = Release|Any CPU
		{2E4E716C-3EEB-446F-8683-1EBD0B6E37C0}.Release|Any CPU.Build.0 = Release|Any CPU
		{48926C51-9154-49DC-9FA3-B7D204D7E1C6}.Debug|Any CPU.ActiveCfg = Debug|Any CPU
		{48926C51-9154-49DC-9FA3-B7D204D7E1C6}.Debug|Any CPU.Build.0 = Debug|Any CPU
		{48926C51-9154-49DC-9FA3-B7D204D7E1C6}.Release|Any CPU.ActiveCfg = Release|Any CPU
		{48926C51-9154-49DC-9FA3-B7D204D7E1C6}.Release|Any CPU.Build.0 = Release|Any CPU
		{37FCE65F-296C-44CE-8253-6526492B87FB}.Debug|Any CPU.ActiveCfg = Debug|Any CPU
		{37FCE65F-296C-44CE-8253-6526492B87FB}.Debug|Any CPU.Build.0 = Debug|Any CPU
		{37FCE65F-296C-44CE-8253-6526492B87FB}.Release|Any CPU.ActiveCfg = Release|Any CPU
		{37FCE65F-296C-44CE-8253-6526492B87FB}.Release|Any CPU.Build.0 = Release|Any CPU
		{75D583A6-DE7E-42BA-A58B-CCA6D56E3BB3}.Debug|Any CPU.ActiveCfg = Debug|Any CPU
		{75D583A6-DE7E-42BA-A58B-CCA6D56E3BB3}.Debug|Any CPU.Build.0 = Debug|Any CPU
		{75D583A6-DE7E-42BA-A58B-CCA6D56E3BB3}.Release|Any CPU.ActiveCfg = Release|Any CPU
		{75D583A6-DE7E-42BA-A58B-CCA6D56E3BB3}.Release|Any CPU.Build.0 = Release|Any CPU
		{5992AB06-0D62-4424-B890-6CBC3C84B9F4}.Debug|Any CPU.ActiveCfg = Debug|Any CPU
		{5992AB06-0D62-4424-B890-6CBC3C84B9F4}.Debug|Any CPU.Build.0 = Debug|Any CPU
		{5992AB06-0D62-4424-B890-6CBC3C84B9F4}.Release|Any CPU.ActiveCfg = Release|Any CPU
		{5992AB06-0D62-4424-B890-6CBC3C84B9F4}.Release|Any CPU.Build.0 = Release|Any CPU
		{7930A61D-06CB-47EB-A941-EBDB1260DA12}.Debug|Any CPU.ActiveCfg = Debug|Any CPU
		{7930A61D-06CB-47EB-A941-EBDB1260DA12}.Debug|Any CPU.Build.0 = Debug|Any CPU
		{7930A61D-06CB-47EB-A941-EBDB1260DA12}.Release|Any CPU.ActiveCfg = Release|Any CPU
		{7930A61D-06CB-47EB-A941-EBDB1260DA12}.Release|Any CPU.Build.0 = Release|Any CPU
		{9775930E-808E-4491-8496-DD7329C02E66}.Debug|Any CPU.ActiveCfg = Debug|Any CPU
		{9775930E-808E-4491-8496-DD7329C02E66}.Debug|Any CPU.Build.0 = Debug|Any CPU
		{9775930E-808E-4491-8496-DD7329C02E66}.Release|Any CPU.ActiveCfg = Release|Any CPU
		{9775930E-808E-4491-8496-DD7329C02E66}.Release|Any CPU.Build.0 = Release|Any CPU
		{6D0EF850-F2AF-4CC9-9185-9D41AB652473}.Debug|Any CPU.ActiveCfg = Debug|Any CPU
		{6D0EF850-F2AF-4CC9-9185-9D41AB652473}.Debug|Any CPU.Build.0 = Debug|Any CPU
		{6D0EF850-F2AF-4CC9-9185-9D41AB652473}.Release|Any CPU.ActiveCfg = Release|Any CPU
		{6D0EF850-F2AF-4CC9-9185-9D41AB652473}.Release|Any CPU.Build.0 = Release|Any CPU
		{F5EB9922-59C8-4125-AAF4-859EFA91EEE5}.Debug|Any CPU.ActiveCfg = Debug|Any CPU
		{F5EB9922-59C8-4125-AAF4-859EFA91EEE5}.Debug|Any CPU.Build.0 = Debug|Any CPU
		{F5EB9922-59C8-4125-AAF4-859EFA91EEE5}.Release|Any CPU.ActiveCfg = Release|Any CPU
		{F5EB9922-59C8-4125-AAF4-859EFA91EEE5}.Release|Any CPU.Build.0 = Release|Any CPU
		{6A6401A4-9153-4F92-AC4D-176469AACCE0}.Debug|Any CPU.ActiveCfg = Debug|Any CPU
		{6A6401A4-9153-4F92-AC4D-176469AACCE0}.Debug|Any CPU.Build.0 = Debug|Any CPU
		{6A6401A4-9153-4F92-AC4D-176469AACCE0}.Release|Any CPU.ActiveCfg = Release|Any CPU
		{6A6401A4-9153-4F92-AC4D-176469AACCE0}.Release|Any CPU.Build.0 = Release|Any CPU
		{2BFACDC3-F44D-4199-8498-F5C3C4AC0335}.Debug|Any CPU.ActiveCfg = Debug|Any CPU
		{2BFACDC3-F44D-4199-8498-F5C3C4AC0335}.Debug|Any CPU.Build.0 = Debug|Any CPU
		{2BFACDC3-F44D-4199-8498-F5C3C4AC0335}.Release|Any CPU.ActiveCfg = Release|Any CPU
		{2BFACDC3-F44D-4199-8498-F5C3C4AC0335}.Release|Any CPU.Build.0 = Release|Any CPU
		{E461C0A8-8900-485C-B520-E929BA33F712}.Debug|Any CPU.ActiveCfg = Debug|Any CPU
		{E461C0A8-8900-485C-B520-E929BA33F712}.Debug|Any CPU.Build.0 = Debug|Any CPU
		{E461C0A8-8900-485C-B520-E929BA33F712}.Release|Any CPU.ActiveCfg = Release|Any CPU
		{E461C0A8-8900-485C-B520-E929BA33F712}.Release|Any CPU.Build.0 = Release|Any CPU
		{E8274F9E-4645-498C-80FE-5D6EBBA674AB}.Debug|Any CPU.ActiveCfg = Debug|Any CPU
		{E8274F9E-4645-498C-80FE-5D6EBBA674AB}.Debug|Any CPU.Build.0 = Debug|Any CPU
		{E8274F9E-4645-498C-80FE-5D6EBBA674AB}.Release|Any CPU.ActiveCfg = Release|Any CPU
		{E8274F9E-4645-498C-80FE-5D6EBBA674AB}.Release|Any CPU.Build.0 = Release|Any CPU
		{8A27E08C-4439-483A-B793-57C97DDBCBFC}.Debug|Any CPU.ActiveCfg = Debug|Any CPU
		{8A27E08C-4439-483A-B793-57C97DDBCBFC}.Debug|Any CPU.Build.0 = Debug|Any CPU
		{8A27E08C-4439-483A-B793-57C97DDBCBFC}.Release|Any CPU.ActiveCfg = Release|Any CPU
		{8A27E08C-4439-483A-B793-57C97DDBCBFC}.Release|Any CPU.Build.0 = Release|Any CPU
		{CEDDFABD-49F6-46DA-885E-41DF5C1E5BBB}.Debug|Any CPU.ActiveCfg = Debug|Any CPU
		{CEDDFABD-49F6-46DA-885E-41DF5C1E5BBB}.Debug|Any CPU.Build.0 = Debug|Any CPU
		{CEDDFABD-49F6-46DA-885E-41DF5C1E5BBB}.Release|Any CPU.ActiveCfg = Release|Any CPU
		{CEDDFABD-49F6-46DA-885E-41DF5C1E5BBB}.Release|Any CPU.Build.0 = Release|Any CPU
		{4A3F59B6-FE96-4FC7-9406-66DAF98BB6E7}.Debug|Any CPU.ActiveCfg = Debug|Any CPU
		{4A3F59B6-FE96-4FC7-9406-66DAF98BB6E7}.Debug|Any CPU.Build.0 = Debug|Any CPU
		{4A3F59B6-FE96-4FC7-9406-66DAF98BB6E7}.Release|Any CPU.ActiveCfg = Release|Any CPU
		{4A3F59B6-FE96-4FC7-9406-66DAF98BB6E7}.Release|Any CPU.Build.0 = Release|Any CPU
		{99152238-A768-4444-83DE-7294275CFADB}.Debug|Any CPU.ActiveCfg = Debug|Any CPU
		{99152238-A768-4444-83DE-7294275CFADB}.Debug|Any CPU.Build.0 = Debug|Any CPU
		{99152238-A768-4444-83DE-7294275CFADB}.Release|Any CPU.ActiveCfg = Release|Any CPU
		{99152238-A768-4444-83DE-7294275CFADB}.Release|Any CPU.Build.0 = Release|Any CPU
		{A19DA3BF-D9DF-4B86-AD8A-91901C5DD5CC}.Debug|Any CPU.ActiveCfg = Debug|Any CPU
		{A19DA3BF-D9DF-4B86-AD8A-91901C5DD5CC}.Debug|Any CPU.Build.0 = Debug|Any CPU
		{A19DA3BF-D9DF-4B86-AD8A-91901C5DD5CC}.Release|Any CPU.ActiveCfg = Release|Any CPU
		{A19DA3BF-D9DF-4B86-AD8A-91901C5DD5CC}.Release|Any CPU.Build.0 = Release|Any CPU
		{A0389EEE-2B09-411E-BD19-7531CF0C9EFC}.Debug|Any CPU.ActiveCfg = Debug|Any CPU
		{A0389EEE-2B09-411E-BD19-7531CF0C9EFC}.Debug|Any CPU.Build.0 = Debug|Any CPU
		{A0389EEE-2B09-411E-BD19-7531CF0C9EFC}.Release|Any CPU.ActiveCfg = Release|Any CPU
		{A0389EEE-2B09-411E-BD19-7531CF0C9EFC}.Release|Any CPU.Build.0 = Release|Any CPU
		{FA805397-C911-477B-8FD9-5041EAABEDD0}.Debug|Any CPU.ActiveCfg = Debug|Any CPU
		{FA805397-C911-477B-8FD9-5041EAABEDD0}.Debug|Any CPU.Build.0 = Debug|Any CPU
		{FA805397-C911-477B-8FD9-5041EAABEDD0}.Release|Any CPU.ActiveCfg = Release|Any CPU
		{FA805397-C911-477B-8FD9-5041EAABEDD0}.Release|Any CPU.Build.0 = Release|Any CPU
		{889DB3BC-ECDE-4DBD-A615-D19684922B17}.Debug|Any CPU.ActiveCfg = Debug|Any CPU
		{889DB3BC-ECDE-4DBD-A615-D19684922B17}.Debug|Any CPU.Build.0 = Debug|Any CPU
		{889DB3BC-ECDE-4DBD-A615-D19684922B17}.Release|Any CPU.ActiveCfg = Release|Any CPU
		{889DB3BC-ECDE-4DBD-A615-D19684922B17}.Release|Any CPU.Build.0 = Release|Any CPU
		{0CB6CA52-14AC-4A68-A526-7306A2335874}.Debug|Any CPU.ActiveCfg = Debug|Any CPU
		{0CB6CA52-14AC-4A68-A526-7306A2335874}.Debug|Any CPU.Build.0 = Debug|Any CPU
		{0CB6CA52-14AC-4A68-A526-7306A2335874}.Release|Any CPU.ActiveCfg = Release|Any CPU
		{0CB6CA52-14AC-4A68-A526-7306A2335874}.Release|Any CPU.Build.0 = Release|Any CPU
		{4F1262DB-2D1B-4521-A98E-4C581F716BDA}.Debug|Any CPU.ActiveCfg = Debug|Any CPU
		{4F1262DB-2D1B-4521-A98E-4C581F716BDA}.Debug|Any CPU.Build.0 = Debug|Any CPU
		{4F1262DB-2D1B-4521-A98E-4C581F716BDA}.Release|Any CPU.ActiveCfg = Release|Any CPU
		{4F1262DB-2D1B-4521-A98E-4C581F716BDA}.Release|Any CPU.Build.0 = Release|Any CPU
		{81BEC06D-7E6F-4A31-8008-B7D5ADD95562}.Debug|Any CPU.ActiveCfg = Debug|Any CPU
		{81BEC06D-7E6F-4A31-8008-B7D5ADD95562}.Debug|Any CPU.Build.0 = Debug|Any CPU
		{81BEC06D-7E6F-4A31-8008-B7D5ADD95562}.Release|Any CPU.ActiveCfg = Release|Any CPU
		{81BEC06D-7E6F-4A31-8008-B7D5ADD95562}.Release|Any CPU.Build.0 = Release|Any CPU
		{BEBADB9E-1B7A-4E34-99C6-C888DDF4FC35}.Debug|Any CPU.ActiveCfg = Debug|Any CPU
		{BEBADB9E-1B7A-4E34-99C6-C888DDF4FC35}.Debug|Any CPU.Build.0 = Debug|Any CPU
		{BEBADB9E-1B7A-4E34-99C6-C888DDF4FC35}.Release|Any CPU.ActiveCfg = Release|Any CPU
		{BEBADB9E-1B7A-4E34-99C6-C888DDF4FC35}.Release|Any CPU.Build.0 = Release|Any CPU
		{1D6177E7-7700-4083-898B-AA5E11D086F7}.Debug|Any CPU.ActiveCfg = Debug|Any CPU
		{1D6177E7-7700-4083-898B-AA5E11D086F7}.Debug|Any CPU.Build.0 = Debug|Any CPU
		{1D6177E7-7700-4083-898B-AA5E11D086F7}.Release|Any CPU.ActiveCfg = Release|Any CPU
		{1D6177E7-7700-4083-898B-AA5E11D086F7}.Release|Any CPU.Build.0 = Release|Any CPU
		{288DE251-4823-44BB-8615-63045E1442A4}.Debug|Any CPU.ActiveCfg = Debug|Any CPU
		{288DE251-4823-44BB-8615-63045E1442A4}.Debug|Any CPU.Build.0 = Debug|Any CPU
		{288DE251-4823-44BB-8615-63045E1442A4}.Release|Any CPU.ActiveCfg = Release|Any CPU
		{288DE251-4823-44BB-8615-63045E1442A4}.Release|Any CPU.Build.0 = Release|Any CPU
		{B62F1FD7-9963-4D36-8286-1E1FC321CA6A}.Debug|Any CPU.ActiveCfg = Debug|Any CPU
		{B62F1FD7-9963-4D36-8286-1E1FC321CA6A}.Debug|Any CPU.Build.0 = Debug|Any CPU
		{B62F1FD7-9963-4D36-8286-1E1FC321CA6A}.Release|Any CPU.ActiveCfg = Release|Any CPU
		{B62F1FD7-9963-4D36-8286-1E1FC321CA6A}.Release|Any CPU.Build.0 = Release|Any CPU
		{6E06EA34-3414-44B8-BED3-E9C35F0DC177}.Debug|Any CPU.ActiveCfg = Debug|Any CPU
		{6E06EA34-3414-44B8-BED3-E9C35F0DC177}.Debug|Any CPU.Build.0 = Debug|Any CPU
		{6E06EA34-3414-44B8-BED3-E9C35F0DC177}.Release|Any CPU.ActiveCfg = Release|Any CPU
		{6E06EA34-3414-44B8-BED3-E9C35F0DC177}.Release|Any CPU.Build.0 = Release|Any CPU
		{61CBE25F-8884-4F71-A620-18C3EB13D3E4}.Debug|Any CPU.ActiveCfg = Debug|Any CPU
		{61CBE25F-8884-4F71-A620-18C3EB13D3E4}.Debug|Any CPU.Build.0 = Debug|Any CPU
		{61CBE25F-8884-4F71-A620-18C3EB13D3E4}.Release|Any CPU.ActiveCfg = Release|Any CPU
		{61CBE25F-8884-4F71-A620-18C3EB13D3E4}.Release|Any CPU.Build.0 = Release|Any CPU
		{4F17468C-377F-4A54-96A6-83E2F9A3BCF4}.Debug|Any CPU.ActiveCfg = Debug|Any CPU
		{4F17468C-377F-4A54-96A6-83E2F9A3BCF4}.Debug|Any CPU.Build.0 = Debug|Any CPU
		{4F17468C-377F-4A54-96A6-83E2F9A3BCF4}.Release|Any CPU.ActiveCfg = Release|Any CPU
		{4F17468C-377F-4A54-96A6-83E2F9A3BCF4}.Release|Any CPU.Build.0 = Release|Any CPU
		{C8946005-0754-491F-9B03-0F65B2CBC951}.Debug|Any CPU.ActiveCfg = Debug|Any CPU
		{C8946005-0754-491F-9B03-0F65B2CBC951}.Debug|Any CPU.Build.0 = Debug|Any CPU
		{C8946005-0754-491F-9B03-0F65B2CBC951}.Release|Any CPU.ActiveCfg = Release|Any CPU
		{C8946005-0754-491F-9B03-0F65B2CBC951}.Release|Any CPU.Build.0 = Release|Any CPU
		{A3771E0B-F0A8-46B4-9100-45338A9EA58D}.Debug|Any CPU.ActiveCfg = Debug|Any CPU
		{A3771E0B-F0A8-46B4-9100-45338A9EA58D}.Debug|Any CPU.Build.0 = Debug|Any CPU
		{A3771E0B-F0A8-46B4-9100-45338A9EA58D}.Release|Any CPU.ActiveCfg = Release|Any CPU
		{A3771E0B-F0A8-46B4-9100-45338A9EA58D}.Release|Any CPU.Build.0 = Release|Any CPU
		{C1CFEC69-4907-4762-A3A8-D7092ABF7EFB}.Debug|Any CPU.ActiveCfg = Debug|Any CPU
		{C1CFEC69-4907-4762-A3A8-D7092ABF7EFB}.Debug|Any CPU.Build.0 = Debug|Any CPU
		{C1CFEC69-4907-4762-A3A8-D7092ABF7EFB}.Release|Any CPU.ActiveCfg = Release|Any CPU
		{C1CFEC69-4907-4762-A3A8-D7092ABF7EFB}.Release|Any CPU.Build.0 = Release|Any CPU
		{E5B284D5-A985-407F-B30C-0D479A59766F}.Debug|Any CPU.ActiveCfg = Debug|Any CPU
		{E5B284D5-A985-407F-B30C-0D479A59766F}.Debug|Any CPU.Build.0 = Debug|Any CPU
		{E5B284D5-A985-407F-B30C-0D479A59766F}.Release|Any CPU.ActiveCfg = Release|Any CPU
		{E5B284D5-A985-407F-B30C-0D479A59766F}.Release|Any CPU.Build.0 = Release|Any CPU
		{0A07928A-3629-4C6B-A509-37C709114F59}.Debug|Any CPU.ActiveCfg = Debug|Any CPU
		{0A07928A-3629-4C6B-A509-37C709114F59}.Debug|Any CPU.Build.0 = Debug|Any CPU
		{0A07928A-3629-4C6B-A509-37C709114F59}.Release|Any CPU.ActiveCfg = Release|Any CPU
		{0A07928A-3629-4C6B-A509-37C709114F59}.Release|Any CPU.Build.0 = Release|Any CPU
		{D77C0396-66BF-45E0-AE2C-F9BE6CEBBD68}.Debug|Any CPU.ActiveCfg = Debug|Any CPU
		{D77C0396-66BF-45E0-AE2C-F9BE6CEBBD68}.Debug|Any CPU.Build.0 = Debug|Any CPU
		{D77C0396-66BF-45E0-AE2C-F9BE6CEBBD68}.Release|Any CPU.ActiveCfg = Release|Any CPU
		{D77C0396-66BF-45E0-AE2C-F9BE6CEBBD68}.Release|Any CPU.Build.0 = Release|Any CPU
		{8F4527E7-43E9-4E6B-8ED3-A0EF8EBA7D22}.Debug|Any CPU.ActiveCfg = Debug|Any CPU
		{8F4527E7-43E9-4E6B-8ED3-A0EF8EBA7D22}.Debug|Any CPU.Build.0 = Debug|Any CPU
		{8F4527E7-43E9-4E6B-8ED3-A0EF8EBA7D22}.Release|Any CPU.ActiveCfg = Release|Any CPU
		{8F4527E7-43E9-4E6B-8ED3-A0EF8EBA7D22}.Release|Any CPU.Build.0 = Release|Any CPU
		{943B76F7-2B49-47CB-911C-3BE0052768A3}.Debug|Any CPU.ActiveCfg = Debug|Any CPU
		{943B76F7-2B49-47CB-911C-3BE0052768A3}.Debug|Any CPU.Build.0 = Debug|Any CPU
		{943B76F7-2B49-47CB-911C-3BE0052768A3}.Release|Any CPU.ActiveCfg = Release|Any CPU
		{943B76F7-2B49-47CB-911C-3BE0052768A3}.Release|Any CPU.Build.0 = Release|Any CPU
	EndGlobalSection
	GlobalSection(SolutionProperties) = preSolution
		HideSolutionNode = FALSE
	EndGlobalSection
	GlobalSection(NestedProjects) = preSolution
		{57555BA1-3C99-4572-80D2-BB5AA681ACF0} = {A5552592-DCBE-4E02-84BB-964337C46E8E}
		{0CC4A04E-56B5-4FD9-B7DD-2CF083F241AF} = {A5552592-DCBE-4E02-84BB-964337C46E8E}
		{79BE3448-37D0-4F10-B920-6681271D32DA} = {A5552592-DCBE-4E02-84BB-964337C46E8E}
		{9D56B917-FCB0-4F54-B969-6B69FF622086} = {A5552592-DCBE-4E02-84BB-964337C46E8E}
		{2001C6AD-F07B-4343-9E97-8057F84119FD} = {A5552592-DCBE-4E02-84BB-964337C46E8E}
		{8E3BAD3A-725E-4E7F-ABCE-42A1863B66B9} = {CEC1A536-1275-4250-B96E-B5C127949263}
		{CFB9A77B-74F9-4653-986F-F4AF1ABC5B0A} = {CEC1A536-1275-4250-B96E-B5C127949263}
		{2528A93F-4E66-44B8-94E8-2EF239EC0234} = {CEC1A536-1275-4250-B96E-B5C127949263}
		{86EC8783-5846-43EA-ABAF-014D7C7A9496} = {CEC1A536-1275-4250-B96E-B5C127949263}
		{2EA192A6-848D-48F2-9E30-620B5BB33D3E} = {D856255D-C491-40E9-A3E1-F68ACE4CF256}
		{D268D1B7-5B9F-4ADC-8316-B7FD48CE20DD} = {D856255D-C491-40E9-A3E1-F68ACE4CF256}
		{2E4E716C-3EEB-446F-8683-1EBD0B6E37C0} = {B1E3B862-CD08-4F4B-A8F5-8D143AD65C5A}
		{48926C51-9154-49DC-9FA3-B7D204D7E1C6} = {B1E3B862-CD08-4F4B-A8F5-8D143AD65C5A}
		{37FCE65F-296C-44CE-8253-6526492B87FB} = {B1E3B862-CD08-4F4B-A8F5-8D143AD65C5A}
		{75D583A6-DE7E-42BA-A58B-CCA6D56E3BB3} = {B1E3B862-CD08-4F4B-A8F5-8D143AD65C5A}
		{5992AB06-0D62-4424-B890-6CBC3C84B9F4} = {DE3147F2-E11A-4C91-A3DD-386E2E9BAB8C}
		{7930A61D-06CB-47EB-A941-EBDB1260DA12} = {DE3147F2-E11A-4C91-A3DD-386E2E9BAB8C}
		{9775930E-808E-4491-8496-DD7329C02E66} = {8395C9E0-233A-411F-861C-F9A354487212}
		{6D0EF850-F2AF-4CC9-9185-9D41AB652473} = {8395C9E0-233A-411F-861C-F9A354487212}
		{F5EB9922-59C8-4125-AAF4-859EFA91EEE5} = {8395C9E0-233A-411F-861C-F9A354487212}
		{6A6401A4-9153-4F92-AC4D-176469AACCE0} = {8395C9E0-233A-411F-861C-F9A354487212}
		{2BFACDC3-F44D-4199-8498-F5C3C4AC0335} = {63556EA7-29F5-4097-A6B8-87D4FC3C2F6C}
		{E461C0A8-8900-485C-B520-E929BA33F712} = {63556EA7-29F5-4097-A6B8-87D4FC3C2F6C}
		{E8274F9E-4645-498C-80FE-5D6EBBA674AB} = {51C0046E-7A02-4AB7-8417-BE0D6353DCA5}
		{8A27E08C-4439-483A-B793-57C97DDBCBFC} = {51C0046E-7A02-4AB7-8417-BE0D6353DCA5}
		{CEDDFABD-49F6-46DA-885E-41DF5C1E5BBB} = {51C0046E-7A02-4AB7-8417-BE0D6353DCA5}
		{4A3F59B6-FE96-4FC7-9406-66DAF98BB6E7} = {3FE94703-5AC8-4B0F-983B-C0CF9898073A}
		{99152238-A768-4444-83DE-7294275CFADB} = {3FE94703-5AC8-4B0F-983B-C0CF9898073A}
		{A19DA3BF-D9DF-4B86-AD8A-91901C5DD5CC} = {3FE94703-5AC8-4B0F-983B-C0CF9898073A}
		{A0389EEE-2B09-411E-BD19-7531CF0C9EFC} = {3FE94703-5AC8-4B0F-983B-C0CF9898073A}
		{FA805397-C911-477B-8FD9-5041EAABEDD0} = {84A0818A-F29C-4CB3-A2E6-A034C3052397}
		{889DB3BC-ECDE-4DBD-A615-D19684922B17} = {F77FA9A3-9147-4F71-9457-CD29AE58817C}
		{0CB6CA52-14AC-4A68-A526-7306A2335874} = {4FB55AA8-5CA1-4226-B835-312F1F86E151}
		{100EAD10-2B6D-4D6B-A510-29F499D5D7B1} = {4FB55AA8-5CA1-4226-B835-312F1F86E151}
		{4F1262DB-2D1B-4521-A98E-4C581F716BDA} = {100EAD10-2B6D-4D6B-A510-29F499D5D7B1}
		{81BEC06D-7E6F-4A31-8008-B7D5ADD95562} = {100EAD10-2B6D-4D6B-A510-29F499D5D7B1}
		{BEBADB9E-1B7A-4E34-99C6-C888DDF4FC35} = {4FB55AA8-5CA1-4226-B835-312F1F86E151}
		{09E804EC-013A-4541-B0E7-97E11EF074AD} = {4FB55AA8-5CA1-4226-B835-312F1F86E151}
		{1D6177E7-7700-4083-898B-AA5E11D086F7} = {09E804EC-013A-4541-B0E7-97E11EF074AD}
		{288DE251-4823-44BB-8615-63045E1442A4} = {F02C77DD-C50D-4402-B4B1-1DC41E553139}
		{B62F1FD7-9963-4D36-8286-1E1FC321CA6A} = {F02C77DD-C50D-4402-B4B1-1DC41E553139}
		{6E06EA34-3414-44B8-BED3-E9C35F0DC177} = {3C13294C-676D-4F80-A9A1-411714C89AB3}
		{61CBE25F-8884-4F71-A620-18C3EB13D3E4} = {167735D3-8FAC-4B44-BF03-59FA8B7E0C02}
		{4F17468C-377F-4A54-96A6-83E2F9A3BCF4} = {167735D3-8FAC-4B44-BF03-59FA8B7E0C02}
		{C8946005-0754-491F-9B03-0F65B2CBC951} = {B134CBA7-0CD5-458B-8D2B-9FC7306EB3C1}
		{A3771E0B-F0A8-46B4-9100-45338A9EA58D} = {B134CBA7-0CD5-458B-8D2B-9FC7306EB3C1}
		{C1CFEC69-4907-4762-A3A8-D7092ABF7EFB} = {B134CBA7-0CD5-458B-8D2B-9FC7306EB3C1}
		{E5B284D5-A985-407F-B30C-0D479A59766F} = {B134CBA7-0CD5-458B-8D2B-9FC7306EB3C1}
		{0A07928A-3629-4C6B-A509-37C709114F59} = {B134CBA7-0CD5-458B-8D2B-9FC7306EB3C1}
		{D77C0396-66BF-45E0-AE2C-F9BE6CEBBD68} = {CEB71131-E0E2-4C74-8FA0-FA7B40854560}
		{8F4527E7-43E9-4E6B-8ED3-A0EF8EBA7D22} = {CEB71131-E0E2-4C74-8FA0-FA7B40854560}
		{943B76F7-2B49-47CB-911C-3BE0052768A3} = {CEB71131-E0E2-4C74-8FA0-FA7B40854560}
	EndGlobalSection
	GlobalSection(ExtensibilityGlobals) = postSolution
		SolutionGuid = {29FF4074-9FEE-4561-8D09-6272B47A4E37}
	EndGlobalSection
EndGlobal
