
Microsoft Visual Studio Solution File, Format Version 12.00
# Visual Studio Version 16
VisualStudioVersion = 16.0.32228.343
MinimumVisualStudioVersion = 10.0.40219.1
Project("{2150E333-8FDC-42A3-9474-1A3956D46DE8}") = "Chapter02", "Chapter02", "{A5552592-DCBE-4E02-84BB-964337C46E8E}"
EndProject
Project("{FAE04EC0-301F-11D3-BF4B-00C04F79EFBC}") = "DistanceConverter", "Chapter02\DistanceConverter\DistanceConverter.csproj", "{57555BA1-3C99-4572-80D2-BB5AA681ACF0}"
EndProject
Project("{FAE04EC0-301F-11D3-BF4B-00C04F79EFBC}") = "SalesCalculator", "Chapter02\SalesCalculator\SalesCalculator.csproj", "{0CC4A04E-56B5-4FD9-B7DD-2CF083F241AF}"
EndProject
Project("{FAE04EC0-301F-11D3-BF4B-00C04F79EFBC}") = "Exercise", "Chapter02\Exercise\Exercise.csproj", "{79BE3448-37D0-4F10-B920-6681271D32DA}"
EndProject
Project("{FAE04EC0-301F-11D3-BF4B-00C04F79EFBC}") = "Exercise02", "Chapter02\Exercise02\Exercise02.csproj", "{9D56B917-FCB0-4F54-B969-6B69FF622086}"
EndProject
Project("{FAE04EC0-301F-11D3-BF4B-00C04F79EFBC}") = "Exercise03", "Chapter02\Exercise03\Exercise03.csproj", "{2001C6AD-F07B-4343-9E97-8057F84119FD}"
EndProject
Project("{2150E333-8FDC-42A3-9474-1A3956D46DE8}") = "Chapter03", "Chapter03", "{CEC1A536-1275-4250-B96E-B5C127949263}"
EndProject
Project("{FAE04EC0-301F-11D3-BF4B-00C04F79EFBC}") = "Section01", "Chapter03\Section01\Section01.csproj", "{8E3BAD3A-725E-4E7F-ABCE-42A1863B66B9}"
EndProject
Project("{FAE04EC0-301F-11D3-BF4B-00C04F79EFBC}") = "Exercise01", "Chapter03\Exercise01\Exercise01.csproj", "{CFB9A77B-74F9-4653-986F-F4AF1ABC5B0A}"
EndProject
Project("{FAE04EC0-301F-11D3-BF4B-00C04F79EFBC}") = "Section04", "Chapter03\Section04\Section04.csproj", "{2528A93F-4E66-44B8-94E8-2EF239EC0234}"
EndProject
Project("{FAE04EC0-301F-11D3-BF4B-00C04F79EFBC}") = "Exercise02", "Chapter03\Exercise02\Exercise02.csproj", "{86EC8783-5846-43EA-ABAF-014D7C7A9496}"
EndProject
Project("{2150E333-8FDC-42A3-9474-1A3956D46DE8}") = "Chapter04", "Chapter04", "{D856255D-C491-40E9-A3E1-F68ACE4CF256}"
EndProject
Project("{FAE04EC0-301F-11D3-BF4B-00C04F79EFBC}") = "Exercise01", "Chapter04\Exercise01\Exercise01.csproj", "{2EA192A6-848D-48F2-9E30-620B5BB33D3E}"
EndProject
Project("{FAE04EC0-301F-11D3-BF4B-00C04F79EFBC}") = "Exercise02", "Chapter04\Exercise02\Exercise02.csproj", "{D268D1B7-5B9F-4ADC-8316-B7FD48CE20DD}"
EndProject
Project("{2150E333-8FDC-42A3-9474-1A3956D46DE8}") = "Chapter05", "Chapter05", "{B1E3B862-CD08-4F4B-A8F5-8D143AD65C5A}"
EndProject
Project("{FAE04EC0-301F-11D3-BF4B-00C04F79EFBC}") = "Exercise01", "Chapter05\Exercise01\Exercise01.csproj", "{2E4E716C-3EEB-446F-8683-1EBD0B6E37C0}"
EndProject
Project("{FAE04EC0-301F-11D3-BF4B-00C04F79EFBC}") = "Exercise02", "Chapter05\Exercise02\Exercise02.csproj", "{48926C51-9154-49DC-9FA3-B7D204D7E1C6}"
EndProject
Project("{FAE04EC0-301F-11D3-BF4B-00C04F79EFBC}") = "Exercise03", "Chapter05\Exercise03\Exercise03.csproj", "{37FCE65F-296C-44CE-8253-6526492B87FB}"
EndProject
Project("{FAE04EC0-301F-11D3-BF4B-00C04F79EFBC}") = "Exercise04", "Chapter05\Exercise04\Exercise04.csproj", "{75D583A6-DE7E-42BA-A58B-CCA6D56E3BB3}"
EndProject
Project("{2150E333-8FDC-42A3-9474-1A3956D46DE8}") = "Chapter06", "Chapter06", "{DE3147F2-E11A-4C91-A3DD-386E2E9BAB8C}"
EndProject
Project("{FAE04EC0-301F-11D3-BF4B-00C04F79EFBC}") = "Exercise01", "Chapter06\Exercise01\Exercise01.csproj", "{5992AB06-0D62-4424-B890-6CBC3C84B9F4}"
EndProject
Project("{FAE04EC0-301F-11D3-BF4B-00C04F79EFBC}") = "Exercise02", "Chapter06\Exercise02\Exercise02.csproj", "{7930A61D-06CB-47EB-A941-EBDB1260DA12}"
EndProject
Project("{2150E333-8FDC-42A3-9474-1A3956D46DE8}") = "FormAppSample", "FormAppSample", "{8395C9E0-233A-411F-861C-F9A354487212}"
EndProject
Project("{FAE04EC0-301F-11D3-BF4B-00C04F79EFBC}") = "Sample0603", "FormAppSample\Sample0603\Sample0603.csproj", "{9775930E-808E-4491-8496-DD7329C02E66}"
EndProject
Project("{FAE04EC0-301F-11D3-BF4B-00C04F79EFBC}") = "Sample0607", "FormAppSample\Sample0607\Sample0607.csproj", "{6D0EF850-F2AF-4CC9-9185-9D41AB652473}"
EndProject
Global
	GlobalSection(SolutionConfigurationPlatforms) = preSolution
		Debug|Any CPU = Debug|Any CPU
		Release|Any CPU = Release|Any CPU
	EndGlobalSection
	GlobalSection(ProjectConfigurationPlatforms) = postSolution
		{57555BA1-3C99-4572-80D2-BB5AA681ACF0}.Debug|Any CPU.ActiveCfg = Debug|Any CPU
		{57555BA1-3C99-4572-80D2-BB5AA681ACF0}.Debug|Any CPU.Build.0 = Debug|Any CPU
		{57555BA1-3C99-4572-80D2-BB5AA681ACF0}.Release|Any CPU.ActiveCfg = Release|Any CPU
		{57555BA1-3C99-4572-80D2-BB5AA681ACF0}.Release|Any CPU.Build.0 = Release|Any CPU
		{0CC4A04E-56B5-4FD9-B7DD-2CF083F241AF}.Debug|Any CPU.ActiveCfg = Debug|Any CPU
		{0CC4A04E-56B5-4FD9-B7DD-2CF083F241AF}.Debug|Any CPU.Build.0 = Debug|Any CPU
		{0CC4A04E-56B5-4FD9-B7DD-2CF083F241AF}.Release|Any CPU.ActiveCfg = Release|Any CPU
		{0CC4A04E-56B5-4FD9-B7DD-2CF083F241AF}.Release|Any CPU.Build.0 = Release|Any CPU
		{79BE3448-37D0-4F10-B920-6681271D32DA}.Debug|Any CPU.ActiveCfg = Debug|Any CPU
		{79BE3448-37D0-4F10-B920-6681271D32DA}.Debug|Any CPU.Build.0 = Debug|Any CPU
		{79BE3448-37D0-4F10-B920-6681271D32DA}.Release|Any CPU.ActiveCfg = Release|Any CPU
		{79BE3448-37D0-4F10-B920-6681271D32DA}.Release|Any CPU.Build.0 = Release|Any CPU
		{9D56B917-FCB0-4F54-B969-6B69FF622086}.Debug|Any CPU.ActiveCfg = Debug|Any CPU
		{9D56B917-FCB0-4F54-B969-6B69FF622086}.Debug|Any CPU.Build.0 = Debug|Any CPU
		{9D56B917-FCB0-4F54-B969-6B69FF622086}.Release|Any CPU.ActiveCfg = Release|Any CPU
		{9D56B917-FCB0-4F54-B969-6B69FF622086}.Release|Any CPU.Build.0 = Release|Any CPU
		{2001C6AD-F07B-4343-9E97-8057F84119FD}.Debug|Any CPU.ActiveCfg = Debug|Any CPU
		{2001C6AD-F07B-4343-9E97-8057F84119FD}.Debug|Any CPU.Build.0 = Debug|Any CPU
		{2001C6AD-F07B-4343-9E97-8057F84119FD}.Release|Any CPU.ActiveCfg = Release|Any CPU
		{2001C6AD-F07B-4343-9E97-8057F84119FD}.Release|Any CPU.Build.0 = Release|Any CPU
		{8E3BAD3A-725E-4E7F-ABCE-42A1863B66B9}.Debug|Any CPU.ActiveCfg = Debug|Any CPU
		{8E3BAD3A-725E-4E7F-ABCE-42A1863B66B9}.Debug|Any CPU.Build.0 = Debug|Any CPU
		{8E3BAD3A-725E-4E7F-ABCE-42A1863B66B9}.Release|Any CPU.ActiveCfg = Release|Any CPU
		{8E3BAD3A-725E-4E7F-ABCE-42A1863B66B9}.Release|Any CPU.Build.0 = Release|Any CPU
		{CFB9A77B-74F9-4653-986F-F4AF1ABC5B0A}.Debug|Any CPU.ActiveCfg = Debug|Any CPU
		{CFB9A77B-74F9-4653-986F-F4AF1ABC5B0A}.Debug|Any CPU.Build.0 = Debug|Any CPU
		{CFB9A77B-74F9-4653-986F-F4AF1ABC5B0A}.Release|Any CPU.ActiveCfg = Release|Any CPU
		{CFB9A77B-74F9-4653-986F-F4AF1ABC5B0A}.Release|Any CPU.Build.0 = Release|Any CPU
		{2528A93F-4E66-44B8-94E8-2EF239EC0234}.Debug|Any CPU.ActiveCfg = Debug|Any CPU
		{2528A93F-4E66-44B8-94E8-2EF239EC0234}.Debug|Any CPU.Build.0 = Debug|Any CPU
		{2528A93F-4E66-44B8-94E8-2EF239EC0234}.Release|Any CPU.ActiveCfg = Release|Any CPU
		{2528A93F-4E66-44B8-94E8-2EF239EC0234}.Release|Any CPU.Build.0 = Release|Any CPU
		{86EC8783-5846-43EA-ABAF-014D7C7A9496}.Debug|Any CPU.ActiveCfg = Debug|Any CPU
		{86EC8783-5846-43EA-ABAF-014D7C7A9496}.Debug|Any CPU.Build.0 = Debug|Any CPU
		{86EC8783-5846-43EA-ABAF-014D7C7A9496}.Release|Any CPU.ActiveCfg = Release|Any CPU
		{86EC8783-5846-43EA-ABAF-014D7C7A9496}.Release|Any CPU.Build.0 = Release|Any CPU
		{2EA192A6-848D-48F2-9E30-620B5BB33D3E}.Debug|Any CPU.ActiveCfg = Debug|Any CPU
		{2EA192A6-848D-48F2-9E30-620B5BB33D3E}.Debug|Any CPU.Build.0 = Debug|Any CPU
		{2EA192A6-848D-48F2-9E30-620B5BB33D3E}.Release|Any CPU.ActiveCfg = Release|Any CPU
		{2EA192A6-848D-48F2-9E30-620B5BB33D3E}.Release|Any CPU.Build.0 = Release|Any CPU
		{D268D1B7-5B9F-4ADC-8316-B7FD48CE20DD}.Debug|Any CPU.ActiveCfg = Debug|Any CPU
		{D268D1B7-5B9F-4ADC-8316-B7FD48CE20DD}.Debug|Any CPU.Build.0 = Debug|Any CPU
		{D268D1B7-5B9F-4ADC-8316-B7FD48CE20DD}.Release|Any CPU.ActiveCfg = Release|Any CPU
		{D268D1B7-5B9F-4ADC-8316-B7FD48CE20DD}.Release|Any CPU.Build.0 = Release|Any CPU
		{2E4E716C-3EEB-446F-8683-1EBD0B6E37C0}.Debug|Any CPU.ActiveCfg = Debug|Any CPU
		{2E4E716C-3EEB-446F-8683-1EBD0B6E37C0}.Debug|Any CPU.Build.0 = Debug|Any CPU
		{2E4E716C-3EEB-446F-8683-1EBD0B6E37C0}.Release|Any CPU.ActiveCfg = Release|Any CPU
		{2E4E716C-3EEB-446F-8683-1EBD0B6E37C0}.Release|Any CPU.Build.0 = Release|Any CPU
		{48926C51-9154-49DC-9FA3-B7D204D7E1C6}.Debug|Any CPU.ActiveCfg = Debug|Any CPU
		{48926C51-9154-49DC-9FA3-B7D204D7E1C6}.Debug|Any CPU.Build.0 = Debug|Any CPU
		{48926C51-9154-49DC-9FA3-B7D204D7E1C6}.Release|Any CPU.ActiveCfg = Release|Any CPU
		{48926C51-9154-49DC-9FA3-B7D204D7E1C6}.Release|Any CPU.Build.0 = Release|Any CPU
		{37FCE65F-296C-44CE-8253-6526492B87FB}.Debug|Any CPU.ActiveCfg = Debug|Any CPU
		{37FCE65F-296C-44CE-8253-6526492B87FB}.Debug|Any CPU.Build.0 = Debug|Any CPU
		{37FCE65F-296C-44CE-8253-6526492B87FB}.Release|Any CPU.ActiveCfg = Release|Any CPU
		{37FCE65F-296C-44CE-8253-6526492B87FB}.Release|Any CPU.Build.0 = Release|Any CPU
		{75D583A6-DE7E-42BA-A58B-CCA6D56E3BB3}.Debug|Any CPU.ActiveCfg = Debug|Any CPU
		{75D583A6-DE7E-42BA-A58B-CCA6D56E3BB3}.Debug|Any CPU.Build.0 = Debug|Any CPU
		{75D583A6-DE7E-42BA-A58B-CCA6D56E3BB3}.Release|Any CPU.ActiveCfg = Release|Any CPU
		{75D583A6-DE7E-42BA-A58B-CCA6D56E3BB3}.Release|Any CPU.Build.0 = Release|Any CPU
		{5992AB06-0D62-4424-B890-6CBC3C84B9F4}.Debug|Any CPU.ActiveCfg = Debug|Any CPU
		{5992AB06-0D62-4424-B890-6CBC3C84B9F4}.Debug|Any CPU.Build.0 = Debug|Any CPU
		{5992AB06-0D62-4424-B890-6CBC3C84B9F4}.Release|Any CPU.ActiveCfg = Release|Any CPU
		{5992AB06-0D62-4424-B890-6CBC3C84B9F4}.Release|Any CPU.Build.0 = Release|Any CPU
		{7930A61D-06CB-47EB-A941-EBDB1260DA12}.Debug|Any CPU.ActiveCfg = Debug|Any CPU
		{7930A61D-06CB-47EB-A941-EBDB1260DA12}.Debug|Any CPU.Build.0 = Debug|Any CPU
		{7930A61D-06CB-47EB-A941-EBDB1260DA12}.Release|Any CPU.ActiveCfg = Release|Any CPU
		{7930A61D-06CB-47EB-A941-EBDB1260DA12}.Release|Any CPU.Build.0 = Release|Any CPU
		{9775930E-808E-4491-8496-DD7329C02E66}.Debug|Any CPU.ActiveCfg = Debug|Any CPU
		{9775930E-808E-4491-8496-DD7329C02E66}.Debug|Any CPU.Build.0 = Debug|Any CPU
		{9775930E-808E-4491-8496-DD7329C02E66}.Release|Any CPU.ActiveCfg = Release|Any CPU
		{9775930E-808E-4491-8496-DD7329C02E66}.Release|Any CPU.Build.0 = Release|Any CPU
		{6D0EF850-F2AF-4CC9-9185-9D41AB652473}.Debug|Any CPU.ActiveCfg = Debug|Any CPU
		{6D0EF850-F2AF-4CC9-9185-9D41AB652473}.Debug|Any CPU.Build.0 = Debug|Any CPU
		{6D0EF850-F2AF-4CC9-9185-9D41AB652473}.Release|Any CPU.ActiveCfg = Release|Any CPU
		{6D0EF850-F2AF-4CC9-9185-9D41AB652473}.Release|Any CPU.Build.0 = Release|Any CPU
	EndGlobalSection
	GlobalSection(SolutionProperties) = preSolution
		HideSolutionNode = FALSE
	EndGlobalSection
	GlobalSection(NestedProjects) = preSolution
		{57555BA1-3C99-4572-80D2-BB5AA681ACF0} = {A5552592-DCBE-4E02-84BB-964337C46E8E}
		{0CC4A04E-56B5-4FD9-B7DD-2CF083F241AF} = {A5552592-DCBE-4E02-84BB-964337C46E8E}
		{79BE3448-37D0-4F10-B920-6681271D32DA} = {A5552592-DCBE-4E02-84BB-964337C46E8E}
		{9D56B917-FCB0-4F54-B969-6B69FF622086} = {A5552592-DCBE-4E02-84BB-964337C46E8E}
		{2001C6AD-F07B-4343-9E97-8057F84119FD} = {A5552592-DCBE-4E02-84BB-964337C46E8E}
		{8E3BAD3A-725E-4E7F-ABCE-42A1863B66B9} = {CEC1A536-1275-4250-B96E-B5C127949263}
		{CFB9A77B-74F9-4653-986F-F4AF1ABC5B0A} = {CEC1A536-1275-4250-B96E-B5C127949263}
		{2528A93F-4E66-44B8-94E8-2EF239EC0234} = {CEC1A536-1275-4250-B96E-B5C127949263}
		{86EC8783-5846-43EA-ABAF-014D7C7A9496} = {CEC1A536-1275-4250-B96E-B5C127949263}
		{2EA192A6-848D-48F2-9E30-620B5BB33D3E} = {D856255D-C491-40E9-A3E1-F68ACE4CF256}
		{D268D1B7-5B9F-4ADC-8316-B7FD48CE20DD} = {D856255D-C491-40E9-A3E1-F68ACE4CF256}
		{2E4E716C-3EEB-446F-8683-1EBD0B6E37C0} = {B1E3B862-CD08-4F4B-A8F5-8D143AD65C5A}
		{48926C51-9154-49DC-9FA3-B7D204D7E1C6} = {B1E3B862-CD08-4F4B-A8F5-8D143AD65C5A}
		{37FCE65F-296C-44CE-8253-6526492B87FB} = {B1E3B862-CD08-4F4B-A8F5-8D143AD65C5A}
		{75D583A6-DE7E-42BA-A58B-CCA6D56E3BB3} = {B1E3B862-CD08-4F4B-A8F5-8D143AD65C5A}
		{5992AB06-0D62-4424-B890-6CBC3C84B9F4} = {DE3147F2-E11A-4C91-A3DD-386E2E9BAB8C}
		{7930A61D-06CB-47EB-A941-EBDB1260DA12} = {DE3147F2-E11A-4C91-A3DD-386E2E9BAB8C}
		{9775930E-808E-4491-8496-DD7329C02E66} = {8395C9E0-233A-411F-861C-F9A354487212}
		{6D0EF850-F2AF-4CC9-9185-9D41AB652473} = {8395C9E0-233A-411F-861C-F9A354487212}
	EndGlobalSection
	GlobalSection(ExtensibilityGlobals) = postSolution
		SolutionGuid = {29FF4074-9FEE-4561-8D09-6272B47A4E37}
	EndGlobalSection
EndGlobal
